
Microsoft Visual Studio Solution File, Format Version 12.00
# Visual Studio Version 17
VisualStudioVersion = 17.3.32922.545
MinimumVisualStudioVersion = 10.0.40219.1
Project("{FAE04EC0-301F-11D3-BF4B-00C04F79EFBC}") = "Calculadora2", "Calculadora2\Calculadora2.csproj", "{AAE8AF1B-71F1-46F3-8117-E7E7CAB0BC18}"
EndProject
Global
	GlobalSection(SolutionConfigurationPlatforms) = preSolution
		Debug|Any CPU = Debug|Any CPU
		Release|Any CPU = Release|Any CPU
	EndGlobalSection
	GlobalSection(ProjectConfigurationPlatforms) = postSolution
		{AAE8AF1B-71F1-46F3-8117-E7E7CAB0BC18}.Debug|Any CPU.ActiveCfg = Debug|Any CPU
		{AAE8AF1B-71F1-46F3-8117-E7E7CAB0BC18}.Debug|Any CPU.Build.0 = Debug|Any CPU
		{AAE8AF1B-71F1-46F3-8117-E7E7CAB0BC18}.Release|Any CPU.ActiveCfg = Release|Any CPU
		{AAE8AF1B-71F1-46F3-8117-E7E7CAB0BC18}.Release|Any CPU.Build.0 = Release|Any CPU
	EndGlobalSection
	GlobalSection(SolutionProperties) = preSolution
		HideSolutionNode = FALSE
	EndGlobalSection
	GlobalSection(ExtensibilityGlobals) = postSolution
		SolutionGuid = {FB5C51E0-2EED-4CE2-8BAF-2F4808ADC51C}
	EndGlobalSection
EndGlobal
